// !$*UTF8*$!
{
	archiveVersion = 1;
	classes = {
	};
	objectVersion = 56;
	objects = {

/* Begin PBXBuildFile section */
		C357B9572C36546E000B2C4A /* Sim_App.swift in Sources */ = {isa = PBXBuildFile; fileRef = C357B9562C36546E000B2C4A /* Sim_App.swift */; };
		C357B95B2C365471000B2C4A /* Assets.xcassets in Resources */ = {isa = PBXBuildFile; fileRef = C357B95A2C365471000B2C4A /* Assets.xcassets */; };
		C357B95E2C365471000B2C4A /* Preview Assets.xcassets in Resources */ = {isa = PBXBuildFile; fileRef = C357B95D2C365471000B2C4A /* Preview Assets.xcassets */; };
		C357B9752C365536000B2C4A /* Sim_App.xcdatamodeld in Sources */ = {isa = PBXBuildFile; fileRef = C357B9732C365536000B2C4A /* Sim_App.xcdatamodeld */; };
		C3E37DB12C3666BD00BBD598 /* PersistenceController.swift in Sources */ = {isa = PBXBuildFile; fileRef = C3E37DB02C3666BD00BBD598 /* PersistenceController.swift */; };
		C3E37DB32C36677200BBD598 /* TaskManagementView.swift in Sources */ = {isa = PBXBuildFile; fileRef = C3E37DB22C36677200BBD598 /* TaskManagementView.swift */; };
		C3E37DB72C36696500BBD598 /* CheckboxView.swift in Sources */ = {isa = PBXBuildFile; fileRef = C3E37DB62C36696400BBD598 /* CheckboxView.swift */; };
		C3E37DB92C36697900BBD598 /* AddTaskView.swift in Sources */ = {isa = PBXBuildFile; fileRef = C3E37DB82C36697900BBD598 /* AddTaskView.swift */; };
		C3E37DBB2C366A2C00BBD598 /* SimSelectionView.swift in Sources */ = {isa = PBXBuildFile; fileRef = C3E37DBA2C366A2C00BBD598 /* SimSelectionView.swift */; };
		C3E37DC12C36702A00BBD598 /* SimCreationView.swift in Sources */ = {isa = PBXBuildFile; fileRef = C3E37DC02C36702A00BBD598 /* SimCreationView.swift */; };
		C3E37DC32C36763300BBD598 /* ContentView.swift in Sources */ = {isa = PBXBuildFile; fileRef = C3E37DC22C36763300BBD598 /* ContentView.swift */; };
		C3E37DC52C36775000BBD598 /* SimDetailView.swift in Sources */ = {isa = PBXBuildFile; fileRef = C3E37DC42C36775000BBD598 /* SimDetailView.swift */; };
/* End PBXBuildFile section */

/* Begin PBXFileReference section */
		C357B9532C36546E000B2C4A /* Sim App.app */ = {isa = PBXFileReference; explicitFileType = wrapper.application; includeInIndex = 0; path = "Sim App.app"; sourceTree = BUILT_PRODUCTS_DIR; };
		C357B9562C36546E000B2C4A /* Sim_App.swift */ = {isa = PBXFileReference; lastKnownFileType = sourcecode.swift; path = Sim_App.swift; sourceTree = "<group>"; };
		C357B95A2C365471000B2C4A /* Assets.xcassets */ = {isa = PBXFileReference; lastKnownFileType = folder.assetcatalog; path = Assets.xcassets; sourceTree = "<group>"; };
		C357B95D2C365471000B2C4A /* Preview Assets.xcassets */ = {isa = PBXFileReference; lastKnownFileType = folder.assetcatalog; path = "Preview Assets.xcassets"; sourceTree = "<group>"; };
		C357B9742C365536000B2C4A /* Sim_App.xcdatamodel */ = {isa = PBXFileReference; lastKnownFileType = wrapper.xcdatamodel; path = Sim_App.xcdatamodel; sourceTree = "<group>"; };
		C3E37DB02C3666BD00BBD598 /* PersistenceController.swift */ = {isa = PBXFileReference; lastKnownFileType = sourcecode.swift; path = PersistenceController.swift; sourceTree = "<group>"; };
		C3E37DB22C36677200BBD598 /* TaskManagementView.swift */ = {isa = PBXFileReference; lastKnownFileType = sourcecode.swift; path = TaskManagementView.swift; sourceTree = "<group>"; };
		C3E37DB62C36696400BBD598 /* CheckboxView.swift */ = {isa = PBXFileReference; lastKnownFileType = sourcecode.swift; path = CheckboxView.swift; sourceTree = "<group>"; };
		C3E37DB82C36697900BBD598 /* AddTaskView.swift */ = {isa = PBXFileReference; lastKnownFileType = sourcecode.swift; path = AddTaskView.swift; sourceTree = "<group>"; };
		C3E37DBA2C366A2C00BBD598 /* SimSelectionView.swift */ = {isa = PBXFileReference; lastKnownFileType = sourcecode.swift; path = SimSelectionView.swift; sourceTree = "<group>"; };
		C3E37DC02C36702A00BBD598 /* SimCreationView.swift */ = {isa = PBXFileReference; lastKnownFileType = sourcecode.swift; path = SimCreationView.swift; sourceTree = "<group>"; };
		C3E37DC22C36763300BBD598 /* ContentView.swift */ = {isa = PBXFileReference; lastKnownFileType = sourcecode.swift; path = ContentView.swift; sourceTree = "<group>"; };
		C3E37DC42C36775000BBD598 /* SimDetailView.swift */ = {isa = PBXFileReference; lastKnownFileType = sourcecode.swift; path = SimDetailView.swift; sourceTree = "<group>"; };
/* End PBXFileReference section */

/* Begin PBXFrameworksBuildPhase section */
		C357B9502C36546E000B2C4A /* Frameworks */ = {
			isa = PBXFrameworksBuildPhase;
			buildActionMask = 2147483647;
			files = (
			);
			runOnlyForDeploymentPostprocessing = 0;
		};
/* End PBXFrameworksBuildPhase section */

/* Begin PBXGroup section */
		C357B94A2C36546D000B2C4A = {
			isa = PBXGroup;
			children = (
				C357B9552C36546E000B2C4A /* Sim App */,
				C357B9542C36546E000B2C4A /* Products */,
			);
			sourceTree = "<group>";
		};
		C357B9542C36546E000B2C4A /* Products */ = {
			isa = PBXGroup;
			children = (
				C357B9532C36546E000B2C4A /* Sim App.app */,
			);
			name = Products;
			sourceTree = "<group>";
		};
		C357B9552C36546E000B2C4A /* Sim App */ = {
			isa = PBXGroup;
			children = (
				C357B9562C36546E000B2C4A /* Sim_App.swift */,
				C3E37DB02C3666BD00BBD598 /* PersistenceController.swift */,
				C3E37DC22C36763300BBD598 /* ContentView.swift */,
				C3E37DBA2C366A2C00BBD598 /* SimSelectionView.swift */,
				C3E37DC02C36702A00BBD598 /* SimCreationView.swift */,
				C3E37DB22C36677200BBD598 /* TaskManagementView.swift */,
				C3E37DB62C36696400BBD598 /* CheckboxView.swift */,
				C3E37DB82C36697900BBD598 /* AddTaskView.swift */,
				C3E37DC42C36775000BBD598 /* SimDetailView.swift */,
				C357B9732C365536000B2C4A /* Sim_App.xcdatamodeld */,
				C357B95A2C365471000B2C4A /* Assets.xcassets */,
				C357B95C2C365471000B2C4A /* Preview Content */,
			);
			path = "Sim App";
			sourceTree = "<group>";
		};
		C357B95C2C365471000B2C4A /* Preview Content */ = {
			isa = PBXGroup;
			children = (
				C357B95D2C365471000B2C4A /* Preview Assets.xcassets */,
			);
			path = "Preview Content";
			sourceTree = "<group>";
		};
/* End PBXGroup section */

/* Begin PBXNativeTarget section */
		C357B9522C36546E000B2C4A /* Sim App */ = {
			isa = PBXNativeTarget;
			buildConfigurationList = C357B9612C365471000B2C4A /* Build configuration list for PBXNativeTarget "Sim App" */;
			buildPhases = (
				C357B94F2C36546E000B2C4A /* Sources */,
				C357B9502C36546E000B2C4A /* Frameworks */,
				C357B9512C36546E000B2C4A /* Resources */,
			);
			buildRules = (
			);
			dependencies = (
			);
			name = "Sim App";
			productName = "Sim App";
			productReference = C357B9532C36546E000B2C4A /* Sim App.app */;
			productType = "com.apple.product-type.application";
		};
/* End PBXNativeTarget section */

/* Begin PBXProject section */
		C357B94B2C36546D000B2C4A /* Project object */ = {
			isa = PBXProject;
			attributes = {
				BuildIndependentTargetsInParallel = 1;
				LastSwiftUpdateCheck = 1520;
				LastUpgradeCheck = 1520;
				TargetAttributes = {
					C357B9522C36546E000B2C4A = {
						CreatedOnToolsVersion = 15.2;
					};
				};
			};
			buildConfigurationList = C357B94E2C36546D000B2C4A /* Build configuration list for PBXProject "Sim App" */;
			compatibilityVersion = "Xcode 14.0";
			developmentRegion = en;
			hasScannedForEncodings = 0;
			knownRegions = (
				en,
				Base,
			);
			mainGroup = C357B94A2C36546D000B2C4A;
			productRefGroup = C357B9542C36546E000B2C4A /* Products */;
			projectDirPath = "";
			projectRoot = "";
			targets = (
				C357B9522C36546E000B2C4A /* Sim App */,
			);
		};
/* End PBXProject section */

/* Begin PBXResourcesBuildPhase section */
		C357B9512C36546E000B2C4A /* Resources */ = {
			isa = PBXResourcesBuildPhase;
			buildActionMask = 2147483647;
			files = (
				C357B95E2C365471000B2C4A /* Preview Assets.xcassets in Resources */,
				C357B95B2C365471000B2C4A /* Assets.xcassets in Resources */,
			);
			runOnlyForDeploymentPostprocessing = 0;
		};
/* End PBXResourcesBuildPhase section */

/* Begin PBXSourcesBuildPhase section */
		C357B94F2C36546E000B2C4A /* Sources */ = {
			isa = PBXSourcesBuildPhase;
			buildActionMask = 2147483647;
			files = (
				C3E37DB32C36677200BBD598 /* TaskManagementView.swift in Sources */,
				C3E37DB92C36697900BBD598 /* AddTaskView.swift in Sources */,
				C357B9572C36546E000B2C4A /* Sim_App.swift in Sources */,
				C357B9752C365536000B2C4A /* Sim_App.xcdatamodeld in Sources */,
				C3E37DC12C36702A00BBD598 /* SimCreationView.swift in Sources */,
				C3E37DC32C36763300BBD598 /* ContentView.swift in Sources */,
				C3E37DB12C3666BD00BBD598 /* PersistenceController.swift in Sources */,
				C3E37DB72C36696500BBD598 /* CheckboxView.swift in Sources */,
				C3E37DBB2C366A2C00BBD598 /* SimSelectionView.swift in Sources */,
				C3E37DC52C36775000BBD598 /* SimDetailView.swift in Sources */,
			);
			runOnlyForDeploymentPostprocessing = 0;
		};
/* End PBXSourcesBuildPhase section */

/* Begin XCBuildConfiguration section */
		C357B95F2C365471000B2C4A /* Debug */ = {
			isa = XCBuildConfiguration;
			buildSettings = {
				ALWAYS_SEARCH_USER_PATHS = NO;
				ASSETCATALOG_COMPILER_GENERATE_SWIFT_ASSET_SYMBOL_EXTENSIONS = YES;
				CLANG_ANALYZER_NONNULL = YES;
				CLANG_ANALYZER_NUMBER_OBJECT_CONVERSION = YES_AGGRESSIVE;
				CLANG_CXX_LANGUAGE_STANDARD = "gnu++20";
				CLANG_ENABLE_MODULES = YES;
				CLANG_ENABLE_OBJC_ARC = YES;
				CLANG_ENABLE_OBJC_WEAK = YES;
				CLANG_WARN_BLOCK_CAPTURE_AUTORELEASING = YES;
				CLANG_WARN_BOOL_CONVERSION = YES;
				CLANG_WARN_COMMA = YES;
				CLANG_WARN_CONSTANT_CONVERSION = YES;
				CLANG_WARN_DEPRECATED_OBJC_IMPLEMENTATIONS = YES;
				CLANG_WARN_DIRECT_OBJC_ISA_USAGE = YES_ERROR;
				CLANG_WARN_DOCUMENTATION_COMMENTS = YES;
				CLANG_WARN_EMPTY_BODY = YES;
				CLANG_WARN_ENUM_CONVERSION = YES;
				CLANG_WARN_INFINITE_RECURSION = YES;
				CLANG_WARN_INT_CONVERSION = YES;
				CLANG_WARN_NON_LITERAL_NULL_CONVERSION = YES;
				CLANG_WARN_OBJC_IMPLICIT_RETAIN_SELF = YES;
				CLANG_WARN_OBJC_LITERAL_CONVERSION = YES;
				CLANG_WARN_OBJC_ROOT_CLASS = YES_ERROR;
				CLANG_WARN_QUOTED_INCLUDE_IN_FRAMEWORK_HEADER = YES;
				CLANG_WARN_RANGE_LOOP_ANALYSIS = YES;
				CLANG_WARN_STRICT_PROTOTYPES = YES;
				CLANG_WARN_SUSPICIOUS_MOVE = YES;
				CLANG_WARN_UNGUARDED_AVAILABILITY = YES_AGGRESSIVE;
				CLANG_WARN_UNREACHABLE_CODE = YES;
				CLANG_WARN__DUPLICATE_METHOD_MATCH = YES;
				COPY_PHASE_STRIP = NO;
				DEBUG_INFORMATION_FORMAT = dwarf;
				ENABLE_STRICT_OBJC_MSGSEND = YES;
				ENABLE_TESTABILITY = YES;
				ENABLE_USER_SCRIPT_SANDBOXING = YES;
				GCC_C_LANGUAGE_STANDARD = gnu17;
				GCC_DYNAMIC_NO_PIC = NO;
				GCC_NO_COMMON_BLOCKS = YES;
				GCC_OPTIMIZATION_LEVEL = 0;
				GCC_PREPROCESSOR_DEFINITIONS = (
					"DEBUG=1",
					"$(inherited)",
				);
				GCC_WARN_64_TO_32_BIT_CONVERSION = YES;
				GCC_WARN_ABOUT_RETURN_TYPE = YES_ERROR;
				GCC_WARN_UNDECLARED_SELECTOR = YES;
				GCC_WARN_UNINITIALIZED_AUTOS = YES_AGGRESSIVE;
				GCC_WARN_UNUSED_FUNCTION = YES;
				GCC_WARN_UNUSED_VARIABLE = YES;
				IPHONEOS_DEPLOYMENT_TARGET = 17.2;
				LOCALIZATION_PREFERS_STRING_CATALOGS = YES;
				MTL_ENABLE_DEBUG_INFO = INCLUDE_SOURCE;
				MTL_FAST_MATH = YES;
				ONLY_ACTIVE_ARCH = YES;
				SDKROOT = iphoneos;
				SWIFT_ACTIVE_COMPILATION_CONDITIONS = "DEBUG $(inherited)";
				SWIFT_OPTIMIZATION_LEVEL = "-Onone";
			};
			name = Debug;
		};
		C357B9602C365471000B2C4A /* Release */ = {
			isa = XCBuildConfiguration;
			buildSettings = {
				ALWAYS_SEARCH_USER_PATHS = NO;
				ASSETCATALOG_COMPILER_GENERATE_SWIFT_ASSET_SYMBOL_EXTENSIONS = YES;
				CLANG_ANALYZER_NONNULL = YES;
				CLANG_ANALYZER_NUMBER_OBJECT_CONVERSION = YES_AGGRESSIVE;
				CLANG_CXX_LANGUAGE_STANDARD = "gnu++20";
				CLANG_ENABLE_MODULES = YES;
				CLANG_ENABLE_OBJC_ARC = YES;
				CLANG_ENABLE_OBJC_WEAK = YES;
				CLANG_WARN_BLOCK_CAPTURE_AUTORELEASING = YES;
				CLANG_WARN_BOOL_CONVERSION = YES;
				CLANG_WARN_COMMA = YES;
				CLANG_WARN_CONSTANT_CONVERSION = YES;
				CLANG_WARN_DEPRECATED_OBJC_IMPLEMENTATIONS = YES;
				CLANG_WARN_DIRECT_OBJC_ISA_USAGE = YES_ERROR;
				CLANG_WARN_DOCUMENTATION_COMMENTS = YES;
				CLANG_WARN_EMPTY_BODY = YES;
				CLANG_WARN_ENUM_CONVERSION = YES;
				CLANG_WARN_INFINITE_RECURSION = YES;
				CLANG_WARN_INT_CONVERSION = YES;
				CLANG_WARN_NON_LITERAL_NULL_CONVERSION = YES;
				CLANG_WARN_OBJC_IMPLICIT_RETAIN_SELF = YES;
				CLANG_WARN_OBJC_LITERAL_CONVERSION = YES;
				CLANG_WARN_OBJC_ROOT_CLASS = YES_ERROR;
				CLANG_WARN_QUOTED_INCLUDE_IN_FRAMEWORK_HEADER = YES;
				CLANG_WARN_RANGE_LOOP_ANALYSIS = YES;
				CLANG_WARN_STRICT_PROTOTYPES = YES;
				CLANG_WARN_SUSPICIOUS_MOVE = YES;
				CLANG_WARN_UNGUARDED_AVAILABILITY = YES_AGGRESSIVE;
				CLANG_WARN_UNREACHABLE_CODE = YES;
				CLANG_WARN__DUPLICATE_METHOD_MATCH = YES;
				COPY_PHASE_STRIP = NO;
				DEBUG_INFORMATION_FORMAT = "dwarf-with-dsym";
				ENABLE_NS_ASSERTIONS = NO;
				ENABLE_STRICT_OBJC_MSGSEND = YES;
				ENABLE_USER_SCRIPT_SANDBOXING = YES;
				GCC_C_LANGUAGE_STANDARD = gnu17;
				GCC_NO_COMMON_BLOCKS = YES;
				GCC_WARN_64_TO_32_BIT_CONVERSION = YES;
				GCC_WARN_ABOUT_RETURN_TYPE = YES_ERROR;
				GCC_WARN_UNDECLARED_SELECTOR = YES;
				GCC_WARN_UNINITIALIZED_AUTOS = YES_AGGRESSIVE;
				GCC_WARN_UNUSED_FUNCTION = YES;
				GCC_WARN_UNUSED_VARIABLE = YES;
				IPHONEOS_DEPLOYMENT_TARGET = 17.2;
				LOCALIZATION_PREFERS_STRING_CATALOGS = YES;
				MTL_ENABLE_DEBUG_INFO = NO;
				MTL_FAST_MATH = YES;
				SDKROOT = iphoneos;
				SWIFT_COMPILATION_MODE = wholemodule;
				VALIDATE_PRODUCT = YES;
			};
			name = Release;
		};
		C357B9622C365471000B2C4A /* Debug */ = {
			isa = XCBuildConfiguration;
			buildSettings = {
				ASSETCATALOG_COMPILER_APPICON_NAME = AppIcon;
				ASSETCATALOG_COMPILER_GLOBAL_ACCENT_COLOR_NAME = AccentColor;
				CODE_SIGN_STYLE = Automatic;
				CURRENT_PROJECT_VERSION = 1;
				DEVELOPMENT_ASSET_PATHS = "\"Sim App/Preview Content\"";
				DEVELOPMENT_TEAM = GAK59K8WDD;
				ENABLE_PREVIEWS = YES;
				GENERATE_INFOPLIST_FILE = YES;
				INFOPLIST_KEY_UIApplicationSceneManifest_Generation = YES;
				INFOPLIST_KEY_UIApplicationSupportsIndirectInputEvents = YES;
				INFOPLIST_KEY_UILaunchScreen_Generation = YES;
				INFOPLIST_KEY_UISupportedInterfaceOrientations_iPad = "UIInterfaceOrientationPortrait UIInterfaceOrientationPortraitUpsideDown UIInterfaceOrientationLandscapeLeft UIInterfaceOrientationLandscapeRight";
				INFOPLIST_KEY_UISupportedInterfaceOrientations_iPhone = "UIInterfaceOrientationPortrait UIInterfaceOrientationLandscapeLeft UIInterfaceOrientationLandscapeRight";
				LD_RUNPATH_SEARCH_PATHS = (
					"$(inherited)",
					"@executable_path/Frameworks",
				);
				MARKETING_VERSION = 1.0;
				PRODUCT_BUNDLE_IDENTIFIER = "personal.Sim-App";
				PRODUCT_NAME = "$(TARGET_NAME)";
				SWIFT_EMIT_LOC_STRINGS = YES;
				SWIFT_VERSION = 5.0;
				TARGETED_DEVICE_FAMILY = "1,2";
			};
			name = Debug;
		};
		C357B9632C365471000B2C4A /* Release */ = {
			isa = XCBuildConfiguration;
			buildSettings = {
				ASSETCATALOG_COMPILER_APPICON_NAME = AppIcon;
				ASSETCATALOG_COMPILER_GLOBAL_ACCENT_COLOR_NAME = AccentColor;
				CODE_SIGN_STYLE = Automatic;
				CURRENT_PROJECT_VERSION = 1;
				DEVELOPMENT_ASSET_PATHS = "\"Sim App/Preview Content\"";
				DEVELOPMENT_TEAM = GAK59K8WDD;
				ENABLE_PREVIEWS = YES;
				GENERATE_INFOPLIST_FILE = YES;
				INFOPLIST_KEY_UIApplicationSceneManifest_Generation = YES;
				INFOPLIST_KEY_UIApplicationSupportsIndirectInputEvents = YES;
				INFOPLIST_KEY_UILaunchScreen_Generation = YES;
				INFOPLIST_KEY_UISupportedInterfaceOrientations_iPad = "UIInterfaceOrientationPortrait UIInterfaceOrientationPortraitUpsideDown UIInterfaceOrientationLandscapeLeft UIInterfaceOrientationLandscapeRight";
				INFOPLIST_KEY_UISupportedInterfaceOrientations_iPhone = "UIInterfaceOrientationPortrait UIInterfaceOrientationLandscapeLeft UIInterfaceOrientationLandscapeRight";
				LD_RUNPATH_SEARCH_PATHS = (
					"$(inherited)",
					"@executable_path/Frameworks",
				);
				MARKETING_VERSION = 1.0;
				PRODUCT_BUNDLE_IDENTIFIER = "personal.Sim-App";
				PRODUCT_NAME = "$(TARGET_NAME)";
				SWIFT_EMIT_LOC_STRINGS = YES;
				SWIFT_VERSION = 5.0;
				TARGETED_DEVICE_FAMILY = "1,2";
			};
			name = Release;
		};
/* End XCBuildConfiguration section */

/* Begin XCConfigurationList section */
		C357B94E2C36546D000B2C4A /* Build configuration list for PBXProject "Sim App" */ = {
			isa = XCConfigurationList;
			buildConfigurations = (
				C357B95F2C365471000B2C4A /* Debug */,
				C357B9602C365471000B2C4A /* Release */,
			);
			defaultConfigurationIsVisible = 0;
			defaultConfigurationName = Release;
		};
		C357B9612C365471000B2C4A /* Build configuration list for PBXNativeTarget "Sim App" */ = {
			isa = XCConfigurationList;
			buildConfigurations = (
				C357B9622C365471000B2C4A /* Debug */,
				C357B9632C365471000B2C4A /* Release */,
			);
			defaultConfigurationIsVisible = 0;
			defaultConfigurationName = Release;
		};
/* End XCConfigurationList section */

/* Begin XCVersionGroup section */
		C357B9732C365536000B2C4A /* Sim_App.xcdatamodeld */ = {
			isa = XCVersionGroup;
			children = (
				C357B9742C365536000B2C4A /* Sim_App.xcdatamodel */,
			);
			currentVersion = C357B9742C365536000B2C4A /* Sim_App.xcdatamodel */;
			path = Sim_App.xcdatamodeld;
			sourceTree = "<group>";
			versionGroupType = wrapper.xcdatamodel;
		};
/* End XCVersionGroup section */
	};
	rootObject = C357B94B2C36546D000B2C4A /* Project object */;
}
